
Microsoft Visual Studio Solution File, Format Version 12.00
# Visual Studio Version 17
VisualStudioVersion = 17.14.36203.30 d17.14
MinimumVisualStudioVersion = 10.0.40219.1
Project("{FAE04EC0-301F-11D3-BF4B-00C04F79EFBC}") = "MauiLoginSplit", "MauiLoginSplit\MauiLoginSplit.csproj", "{5AA43431-BC91-4B33-A16C-F5D20C13C5BA}"
EndProject
Global
	GlobalSection(SolutionConfigurationPlatforms) = preSolution
		Debug|Any CPU = Debug|Any CPU
		Release|Any CPU = Release|Any CPU
	EndGlobalSection
	GlobalSection(ProjectConfigurationPlatforms) = postSolution
		{5AA43431-BC91-4B33-A16C-F5D20C13C5BA}.Debug|Any CPU.ActiveCfg = Debug|Any CPU
		{5AA43431-BC91-4B33-A16C-F5D20C13C5BA}.Debug|Any CPU.Build.0 = Debug|Any CPU
		{5AA43431-BC91-4B33-A16C-F5D20C13C5BA}.Release|Any CPU.ActiveCfg = Release|Any CPU
		{5AA43431-BC91-4B33-A16C-F5D20C13C5BA}.Release|Any CPU.Build.0 = Release|Any CPU
	EndGlobalSection
	GlobalSection(SolutionProperties) = preSolution
		HideSolutionNode = FALSE
	EndGlobalSection
	GlobalSection(ExtensibilityGlobals) = postSolution
		SolutionGuid = {9679983C-E056-4D81-AB22-CFCBF98746A5}
	EndGlobalSection
EndGlobal
